# This file is automatically @generated by Cargo.
# It is not intended for manual editing.
version = 3

[[package]]
name = "bisection"
version = "0.1.0"
source = "registry+https://github.com/rust-lang/crates.io-index"
checksum = "021e079a1bab0ecce6cf4b4b74c0c37afa4a697136eb3b127875c84a8f04a8c3"

[[package]]
name = "leetcode"
version = "0.1.0"
dependencies = [
 "bisection",
]
